
Microsoft Visual Studio Solution File, Format Version 12.00
# Visual Studio Version 17
VisualStudioVersion = 17.9.34622.214
MinimumVisualStudioVersion = 10.0.40219.1
Project("{2150E333-8FDC-42A3-9474-1A3956D46DE8}") = "UsersMicroservice", "UsersMicroservice", "{97DCC10E-6740-4ED3-806E-A15807866DF6}"
EndProject
Project("{9A19103F-16F7-4668-BE54-9A1E7A4F7556}") = "Users.Application", "UsersMicroservice\Users.Application\Users.Application.csproj", "{874A5EAC-A5B1-4F5E-855F-37568CA84692}"
EndProject
Project("{9A19103F-16F7-4668-BE54-9A1E7A4F7556}") = "Users.Persistence", "UsersMicroservice\Users.Persistence\Users.Persistence.csproj", "{20E4A721-DA57-40A8-A325-BF6108DC8017}"
EndProject
Project("{9A19103F-16F7-4668-BE54-9A1E7A4F7556}") = "Users.Api", "UsersMicroservice\Users.Api\Users.Api.csproj", "{E12A62C7-9E14-4EDF-B8D6-4C6C58931F39}"
EndProject
Project("{9A19103F-16F7-4668-BE54-9A1E7A4F7556}") = "Users.Domain", "UsersMicroservice\Users.Domain\Users.Domain.csproj", "{DCE29259-EE77-4E64-B290-937EF3AA5F82}"
EndProject
Project("{2150E333-8FDC-42A3-9474-1A3956D46DE8}") = "AuthMicroservice", "AuthMicroservice", "{8BB676CB-9366-4053-BED6-3DCC4CF243B3}"
EndProject
Project("{9A19103F-16F7-4668-BE54-9A1E7A4F7556}") = "Auth.Domain", "AuthMicroservice\Auth.Domain\Auth.Domain.csproj", "{35D31C5B-3413-4778-8FB3-16CD1625D5A7}"
EndProject
Project("{9A19103F-16F7-4668-BE54-9A1E7A4F7556}") = "Auth.Application", "AuthMicroservice\Auth.Application\Auth.Application.csproj", "{BCC32AB4-D2AE-4DE1-AE43-76B085854C0E}"
EndProject
Project("{2150E333-8FDC-42A3-9474-1A3956D46DE8}") = "Infrastructure", "Infrastructure", "{388F8D07-9E0A-4B25-B5E3-45BD240BA08B}"
EndProject
Project("{9A19103F-16F7-4668-BE54-9A1E7A4F7556}") = "Auth.ExternalProviders", "AuthMicroservice\Infrastructure\Auth.ExternalProviders\Auth.ExternalProviders.csproj", "{6266BB32-E08E-4AD2-BEE4-0754C526527A}"
EndProject
Project("{9A19103F-16F7-4668-BE54-9A1E7A4F7556}") = "Auth.Persistence", "AuthMicroservice\Infrastructure\Auth.Persistence\Auth.Persistence.csproj", "{FDBDB0E5-1776-4F52-BBD8-69AD03DC910C}"
EndProject
Project("{9A19103F-16F7-4668-BE54-9A1E7A4F7556}") = "Auth.Api", "AuthMicroservice\Auth.Api\Auth.Api.csproj", "{75F59C54-ED9E-480B-80A2-78ADCBA13A44}"
EndProject
Project("{2150E333-8FDC-42A3-9474-1A3956D46DE8}") = "HotelsRoomsMicroservice", "HotelsRoomsMicroservice", "{AE2F91EB-68E6-43C1-8A5B-02504BA9BE60}"
EndProject
Project("{9A19103F-16F7-4668-BE54-9A1E7A4F7556}") = "HR.Domain", "HotelsRoomsMicroservice\HR.Domain\HR.Domain.csproj", "{1C52172B-9FC0-42D0-B470-B8514BF781B0}"
EndProject
Project("{9A19103F-16F7-4668-BE54-9A1E7A4F7556}") = "HR.Api", "HotelsRoomsMicroservice\HR.Api\HR.Api.csproj", "{DEE747D2-B873-4A27-A227-C07C18E79CE9}"
EndProject
Project("{9A19103F-16F7-4668-BE54-9A1E7A4F7556}") = "HR.Application", "HotelsRoomsMicroservice\HR.Application\HR.Application.csproj", "{F136AA76-DF32-4EF6-A101-4448FB6E5950}"
EndProject
Project("{2150E333-8FDC-42A3-9474-1A3956D46DE8}") = "AccommoSearchMicroservice", "AccommoSearchMicroservice", "{FAF383E1-F64D-40D0-A6E6-CE0B5B41857A}"
EndProject
Project("{9A19103F-16F7-4668-BE54-9A1E7A4F7556}") = "Accommo.Api", "AccommoSearchMicroservice\Accommo.Api\Accommo.Api.csproj", "{CA833F2C-0E7B-4540-B8BE-AC1BB4DC3CCC}"
EndProject
Project("{9A19103F-16F7-4668-BE54-9A1E7A4F7556}") = "Accommo.Application", "AccommoSearchMicroservice\Accommo.Application\Accommo.Application.csproj", "{8F5EE74E-ADC9-4B29-A3FC-BF791EE186AC}"
EndProject
Project("{9A19103F-16F7-4668-BE54-9A1E7A4F7556}") = "Accommo.Domain", "AccommoSearchMicroservice\Accommo.Domain\Accommo.Domain.csproj", "{B4FB0E07-D95A-42C6-A2F8-D76567220BF3}"
EndProject
Project("{2150E333-8FDC-42A3-9474-1A3956D46DE8}") = "Infrastructure", "Infrastructure", "{DF5A480C-16F9-4AF2-817A-7D4634895A78}"
EndProject
Project("{9A19103F-16F7-4668-BE54-9A1E7A4F7556}") = "Accommo.Persistence", "AccommoSearchMicroservice\Infrastructure\Accommo.Persistence\Accommo.Persistence.csproj", "{BA0C10DF-AE29-4062-A8DE-F254C413F955}"
EndProject
Project("{2150E333-8FDC-42A3-9474-1A3956D46DE8}") = "BookingMicroservice", "BookingMicroservice", "{B6220F5B-E607-4EEC-A816-E69145EC16BB}"
EndProject
Project("{2150E333-8FDC-42A3-9474-1A3956D46DE8}") = "Infrastructure", "Infrastructure", "{E4A01E00-3F4F-4E97-AB7B-9259F02B7D08}"
EndProject
Project("{9A19103F-16F7-4668-BE54-9A1E7A4F7556}") = "Booking.Persistence", "BookingMicroservice\Infrastructure\Booking.Persistence\Booking.Persistence.csproj", "{5A9574D3-CC57-46A1-971C-97803F33DAB6}"
EndProject
Project("{9A19103F-16F7-4668-BE54-9A1E7A4F7556}") = "Booking.Application", "BookingMicroservice\Booking.Application\Booking.Application.csproj", "{99CDAD47-3B90-4AB3-80E0-6547E46837D2}"
EndProject
Project("{9A19103F-16F7-4668-BE54-9A1E7A4F7556}") = "Booking.Domain", "BookingMicroservice\Booking.Domain\Booking.Domain.csproj", "{1283BDE0-988B-4EE8-BE12-5CD85A234464}"
EndProject
Project("{9A19103F-16F7-4668-BE54-9A1E7A4F7556}") = "Booking.Api", "BookingMicroservice\Booking.Api\Booking.Api.csproj", "{3DA8438E-AE91-4745-BE1B-A3CF6AFBEDF7}"
EndProject
Project("{9A19103F-16F7-4668-BE54-9A1E7A4F7556}") = "Booking.ExternalProviders", "BookingMicroservice\Infrastructure\Booking.ExternalProviders\Booking.ExternalProviders.csproj", "{305DF91D-980B-4EFD-A593-FAEF4468E844}"
EndProject
Project("{9A19103F-16F7-4668-BE54-9A1E7A4F7556}") = "Accommo.DistributedCache", "AccommoSearchMicroservice\Infrastructure\Accommo.DistributedCache\Accommo.DistributedCache.csproj", "{554225C3-6D55-45B2-840C-CD03A48892F5}"
EndProject
Project("{2150E333-8FDC-42A3-9474-1A3956D46DE8}") = "Solution Item", "Solution Item", "{41A4752E-2676-4B5F-80EB-6F6B60B0E712}"
EndProject
Project("{E53339B2-1760-4266-BCC7-CA923CBCF16C}") = "docker-compose", "Solution Item\docker-compose.dcproj", "{BA81FFBA-B5A6-436D-AF46-D9214D8A7176}"
EndProject
Project("{2150E333-8FDC-42A3-9474-1A3956D46DE8}") = "Infrastructure", "Infrastructure", "{3E686F0C-DBD1-466F-9B9E-3D4EB9841515}"
EndProject
Project("{9A19103F-16F7-4668-BE54-9A1E7A4F7556}") = "HR.Persistence", "HotelsRoomsMicroservice\Infrastructure\HR.Persistence\HR.Persistence.csproj", "{398B3618-F3C8-407C-A18E-F92ABC5CD404}"
EndProject
Project("{9A19103F-16F7-4668-BE54-9A1E7A4F7556}") = "HR.DistributedCache", "HotelsRoomsMicroservice\Infrastructure\HR.DistributedCache\HR.DistributedCache.csproj", "{0E445BFC-8031-4EDE-BE65-9C12452BA389}"
EndProject
Project("{9A19103F-16F7-4668-BE54-9A1E7A4F7556}") = "Booking.DistributedCache", "BookingMicroservice\Infrastructure\Booking.DistributedCache\Booking.DistributedCache.csproj", "{833E5ADF-6B0A-4489-8741-F5BD73B130C0}"
EndProject
Project("{9A19103F-16F7-4668-BE54-9A1E7A4F7556}") = "HR.ExternalProviders", "HotelsRoomsMicroservice\Infrastructure\HR.ExternalProviders\HR.ExternalProviders.csproj", "{E12DF8B1-33C9-4266-9EB4-73EB9BB45C6F}"
EndProject
Project("{2150E333-8FDC-42A3-9474-1A3956D46DE8}") = "Infrastructure", "Infrastructure", "{0F79AF64-8260-492D-82C6-125CCD5DA15F}"
EndProject
Project("{9A19103F-16F7-4668-BE54-9A1E7A4F7556}") = "Users.Exchanger", "UsersMicroservice\Infrastructure\Users.Exchanger\Users.Exchanger.csproj", "{69D35C6A-B919-48E1-B013-D7D0DFD6745D}"
EndProject
Project("{2150E333-8FDC-42A3-9474-1A3956D46DE8}") = "QueueManagement", "QueueManagement", "{5AA40983-0AB4-4CDC-B9A6-4D62A976EA90}"
EndProject
Project("{9A19103F-16F7-4668-BE54-9A1E7A4F7556}") = "AddUserByMq", "BookingMicroservice\QueueManagement\AddUserByMq\AddUserByMq.csproj", "{0E058940-537B-44AD-92EA-A9231AE88D34}"
EndProject
Project("{2150E333-8FDC-42A3-9474-1A3956D46DE8}") = "MailMicroservice", "MailMicroservice", "{A8B8D781-D21D-4F58-B443-DB8E4AED6D5D}"
EndProject
Project("{9A19103F-16F7-4668-BE54-9A1E7A4F7556}") = "Mail.Domain", "MailMicroservice\Mail.Domain\Mail.Domain.csproj", "{CE143DEB-3B87-49F7-B8DE-7FB4FCB62CC1}"
EndProject
Project("{2150E333-8FDC-42A3-9474-1A3956D46DE8}") = "Infrastructure", "Infrastructure", "{D7B83813-14F1-4207-9D3C-8DD97C589888}"
EndProject
Project("{9A19103F-16F7-4668-BE54-9A1E7A4F7556}") = "Mail.Persistence", "MailMicroservice\Infrastructure\Mail.Persistence\Mail.Persistence.csproj", "{4FE4859A-45D5-472E-8033-3A973CAE28A8}"
EndProject
Project("{9A19103F-16F7-4668-BE54-9A1E7A4F7556}") = "Mail.Application", "MailMicroservice\Mail.Application\Mail.Application.csproj", "{B47665E1-CF57-4690-B00F-6AF705AFC702}"
EndProject
Project("{9A19103F-16F7-4668-BE54-9A1E7A4F7556}") = "Mail.Api", "MailMicroservice\Mail.Api\Mail.Api.csproj", "{3EF2D353-3DC6-48A0-A1A5-23D7DEADEA0C}"
EndProject
Project("{9A19103F-16F7-4668-BE54-9A1E7A4F7556}") = "Booking.Exchanger", "BookingMicroservice\Infrastructure\Booking.Exchanger\Booking.Exchanger.csproj", "{0602F1F1-A22E-4252-AD4E-16D76007285E}"
EndProject
Project("{2150E333-8FDC-42A3-9474-1A3956D46DE8}") = "QueueManagement", "QueueManagement", "{F902A574-FF51-46C5-80CE-494CED9DFF77}"
EndProject
Project("{9A19103F-16F7-4668-BE54-9A1E7A4F7556}") = "SendEmailByMq", "MailMicroservice\QueueManagement\SendEmailByMq\SendEmailByMq.csproj", "{6C2C6AC6-C93D-4B25-A8AD-B5B8F4E56E09}"
EndProject
Project("{9A19103F-16F7-4668-BE54-9A1E7A4F7556}") = "DeleteUserByMq", "BookingMicroservice\QueueManagement\DeleteUserByMq\DeleteUserByMq.csproj", "{6317062B-F140-4F83-9B5A-754636D9C096}"
EndProject
Project("{9A19103F-16F7-4668-BE54-9A1E7A4F7556}") = "UpdateUserByMq", "BookingMicroservice\QueueManagement\UpdateUserByMq\UpdateUserByMq.csproj", "{68E92004-5905-4F4D-9F4A-364C816B03B3}"
EndProject
Project("{2150E333-8FDC-42A3-9474-1A3956D46DE8}") = "QueueManagement", "QueueManagement", "{D82A4D40-C691-45A3-A512-D1CA840F4444}"
EndProject
Project("{9A19103F-16F7-4668-BE54-9A1E7A4F7556}") = "DeleteUserByMq", "AuthMicroservice\QueueManagement\DeleteUserByMq\DeleteUserByMq.csproj", "{A9A9121A-DC49-401B-B31C-DF63FACBB2FD}"
EndProject
Project("{9A19103F-16F7-4668-BE54-9A1E7A4F7556}") = "UpdateUserByMq", "AuthMicroservice\QueueManagement\UpdateUserByMq\UpdateUserByMq.csproj", "{6F0FB33C-C8C9-49BC-8EFF-962C52C05D54}"
EndProject
Project("{9A19103F-16F7-4668-BE54-9A1E7A4F7556}") = "UpdateUserPasswordByMq", "AuthMicroservice\QueueManagement\UpdateUserPasswordByMq\UpdateUserPasswordByMq.csproj", "{65D18DE6-483F-4A01-BBFF-4F641A0E4EB5}"
EndProject
Project("{2150E333-8FDC-42A3-9474-1A3956D46DE8}") = "Tests", "Tests", "{B361F529-D995-44C8-82D2-61F15E7AA22A}"
EndProject
Project("{2150E333-8FDC-42A3-9474-1A3956D46DE8}") = "Functional", "Functional", "{8DE9B4F3-8AF5-437F-9F1C-9FE64A61207A}"
EndProject
Project("{2150E333-8FDC-42A3-9474-1A3956D46DE8}") = "Core", "Core", "{8BFE60DB-ADC3-4E4F-B926-D53AB73741B4}"
EndProject
Project("{9A19103F-16F7-4668-BE54-9A1E7A4F7556}") = "Core.Tests", "Tests\Core.Tests\Core.Tests.csproj", "{65CCA72E-A9AC-4CEA-9331-F1A927C873ED}"
EndProject
Project("{2150E333-8FDC-42A3-9474-1A3956D46DE8}") = "Unit", "Unit", "{23828A3E-637D-4849-BEF5-AA9212E019CD}"
EndProject
Project("{FAE04EC0-301F-11D3-BF4B-00C04F79EFBC}") = "Accommo.FunctionalTests", "Tests\Functional\Accommo.FunctionalTests\Accommo.FunctionalTests.csproj", "{0B2E503C-A17A-4303-8C56-F46B67BAB01F}"
EndProject
Project("{FAE04EC0-301F-11D3-BF4B-00C04F79EFBC}") = "Accommo.UnitTests", "Tests\Unit\Accommo.UnitTests\Accommo.UnitTests.csproj", "{331FC824-2610-4F54-90A3-535006D775C5}"
EndProject
Global
	GlobalSection(SolutionConfigurationPlatforms) = preSolution
		Debug|Any CPU = Debug|Any CPU
		Release|Any CPU = Release|Any CPU
	EndGlobalSection
	GlobalSection(ProjectConfigurationPlatforms) = postSolution
		{874A5EAC-A5B1-4F5E-855F-37568CA84692}.Debug|Any CPU.ActiveCfg = Debug|Any CPU
		{874A5EAC-A5B1-4F5E-855F-37568CA84692}.Debug|Any CPU.Build.0 = Debug|Any CPU
		{874A5EAC-A5B1-4F5E-855F-37568CA84692}.Release|Any CPU.ActiveCfg = Release|Any CPU
		{874A5EAC-A5B1-4F5E-855F-37568CA84692}.Release|Any CPU.Build.0 = Release|Any CPU
		{20E4A721-DA57-40A8-A325-BF6108DC8017}.Debug|Any CPU.ActiveCfg = Debug|Any CPU
		{20E4A721-DA57-40A8-A325-BF6108DC8017}.Debug|Any CPU.Build.0 = Debug|Any CPU
		{20E4A721-DA57-40A8-A325-BF6108DC8017}.Release|Any CPU.ActiveCfg = Release|Any CPU
		{20E4A721-DA57-40A8-A325-BF6108DC8017}.Release|Any CPU.Build.0 = Release|Any CPU
		{E12A62C7-9E14-4EDF-B8D6-4C6C58931F39}.Debug|Any CPU.ActiveCfg = Debug|Any CPU
		{E12A62C7-9E14-4EDF-B8D6-4C6C58931F39}.Debug|Any CPU.Build.0 = Debug|Any CPU
		{E12A62C7-9E14-4EDF-B8D6-4C6C58931F39}.Release|Any CPU.ActiveCfg = Release|Any CPU
		{E12A62C7-9E14-4EDF-B8D6-4C6C58931F39}.Release|Any CPU.Build.0 = Release|Any CPU
		{DCE29259-EE77-4E64-B290-937EF3AA5F82}.Debug|Any CPU.ActiveCfg = Debug|Any CPU
		{DCE29259-EE77-4E64-B290-937EF3AA5F82}.Debug|Any CPU.Build.0 = Debug|Any CPU
		{DCE29259-EE77-4E64-B290-937EF3AA5F82}.Release|Any CPU.ActiveCfg = Release|Any CPU
		{DCE29259-EE77-4E64-B290-937EF3AA5F82}.Release|Any CPU.Build.0 = Release|Any CPU
		{35D31C5B-3413-4778-8FB3-16CD1625D5A7}.Debug|Any CPU.ActiveCfg = Debug|Any CPU
		{35D31C5B-3413-4778-8FB3-16CD1625D5A7}.Debug|Any CPU.Build.0 = Debug|Any CPU
		{35D31C5B-3413-4778-8FB3-16CD1625D5A7}.Release|Any CPU.ActiveCfg = Release|Any CPU
		{35D31C5B-3413-4778-8FB3-16CD1625D5A7}.Release|Any CPU.Build.0 = Release|Any CPU
		{BCC32AB4-D2AE-4DE1-AE43-76B085854C0E}.Debug|Any CPU.ActiveCfg = Debug|Any CPU
		{BCC32AB4-D2AE-4DE1-AE43-76B085854C0E}.Debug|Any CPU.Build.0 = Debug|Any CPU
		{BCC32AB4-D2AE-4DE1-AE43-76B085854C0E}.Release|Any CPU.ActiveCfg = Release|Any CPU
		{BCC32AB4-D2AE-4DE1-AE43-76B085854C0E}.Release|Any CPU.Build.0 = Release|Any CPU
		{6266BB32-E08E-4AD2-BEE4-0754C526527A}.Debug|Any CPU.ActiveCfg = Debug|Any CPU
		{6266BB32-E08E-4AD2-BEE4-0754C526527A}.Debug|Any CPU.Build.0 = Debug|Any CPU
		{6266BB32-E08E-4AD2-BEE4-0754C526527A}.Release|Any CPU.ActiveCfg = Release|Any CPU
		{6266BB32-E08E-4AD2-BEE4-0754C526527A}.Release|Any CPU.Build.0 = Release|Any CPU
		{FDBDB0E5-1776-4F52-BBD8-69AD03DC910C}.Debug|Any CPU.ActiveCfg = Debug|Any CPU
		{FDBDB0E5-1776-4F52-BBD8-69AD03DC910C}.Debug|Any CPU.Build.0 = Debug|Any CPU
		{FDBDB0E5-1776-4F52-BBD8-69AD03DC910C}.Release|Any CPU.ActiveCfg = Release|Any CPU
		{FDBDB0E5-1776-4F52-BBD8-69AD03DC910C}.Release|Any CPU.Build.0 = Release|Any CPU
		{75F59C54-ED9E-480B-80A2-78ADCBA13A44}.Debug|Any CPU.ActiveCfg = Debug|Any CPU
		{75F59C54-ED9E-480B-80A2-78ADCBA13A44}.Debug|Any CPU.Build.0 = Debug|Any CPU
		{75F59C54-ED9E-480B-80A2-78ADCBA13A44}.Release|Any CPU.ActiveCfg = Release|Any CPU
		{75F59C54-ED9E-480B-80A2-78ADCBA13A44}.Release|Any CPU.Build.0 = Release|Any CPU
		{1C52172B-9FC0-42D0-B470-B8514BF781B0}.Debug|Any CPU.ActiveCfg = Debug|Any CPU
		{1C52172B-9FC0-42D0-B470-B8514BF781B0}.Debug|Any CPU.Build.0 = Debug|Any CPU
		{1C52172B-9FC0-42D0-B470-B8514BF781B0}.Release|Any CPU.ActiveCfg = Release|Any CPU
		{1C52172B-9FC0-42D0-B470-B8514BF781B0}.Release|Any CPU.Build.0 = Release|Any CPU
		{DEE747D2-B873-4A27-A227-C07C18E79CE9}.Debug|Any CPU.ActiveCfg = Debug|Any CPU
		{DEE747D2-B873-4A27-A227-C07C18E79CE9}.Debug|Any CPU.Build.0 = Debug|Any CPU
		{DEE747D2-B873-4A27-A227-C07C18E79CE9}.Release|Any CPU.ActiveCfg = Release|Any CPU
		{DEE747D2-B873-4A27-A227-C07C18E79CE9}.Release|Any CPU.Build.0 = Release|Any CPU
		{F136AA76-DF32-4EF6-A101-4448FB6E5950}.Debug|Any CPU.ActiveCfg = Debug|Any CPU
		{F136AA76-DF32-4EF6-A101-4448FB6E5950}.Debug|Any CPU.Build.0 = Debug|Any CPU
		{F136AA76-DF32-4EF6-A101-4448FB6E5950}.Release|Any CPU.ActiveCfg = Release|Any CPU
		{F136AA76-DF32-4EF6-A101-4448FB6E5950}.Release|Any CPU.Build.0 = Release|Any CPU
		{CA833F2C-0E7B-4540-B8BE-AC1BB4DC3CCC}.Debug|Any CPU.ActiveCfg = Debug|Any CPU
		{CA833F2C-0E7B-4540-B8BE-AC1BB4DC3CCC}.Debug|Any CPU.Build.0 = Debug|Any CPU
		{CA833F2C-0E7B-4540-B8BE-AC1BB4DC3CCC}.Release|Any CPU.ActiveCfg = Release|Any CPU
		{CA833F2C-0E7B-4540-B8BE-AC1BB4DC3CCC}.Release|Any CPU.Build.0 = Release|Any CPU
		{8F5EE74E-ADC9-4B29-A3FC-BF791EE186AC}.Debug|Any CPU.ActiveCfg = Debug|Any CPU
		{8F5EE74E-ADC9-4B29-A3FC-BF791EE186AC}.Debug|Any CPU.Build.0 = Debug|Any CPU
		{8F5EE74E-ADC9-4B29-A3FC-BF791EE186AC}.Release|Any CPU.ActiveCfg = Release|Any CPU
		{8F5EE74E-ADC9-4B29-A3FC-BF791EE186AC}.Release|Any CPU.Build.0 = Release|Any CPU
		{B4FB0E07-D95A-42C6-A2F8-D76567220BF3}.Debug|Any CPU.ActiveCfg = Debug|Any CPU
		{B4FB0E07-D95A-42C6-A2F8-D76567220BF3}.Debug|Any CPU.Build.0 = Debug|Any CPU
		{B4FB0E07-D95A-42C6-A2F8-D76567220BF3}.Release|Any CPU.ActiveCfg = Release|Any CPU
		{B4FB0E07-D95A-42C6-A2F8-D76567220BF3}.Release|Any CPU.Build.0 = Release|Any CPU
		{BA0C10DF-AE29-4062-A8DE-F254C413F955}.Debug|Any CPU.ActiveCfg = Debug|Any CPU
		{BA0C10DF-AE29-4062-A8DE-F254C413F955}.Debug|Any CPU.Build.0 = Debug|Any CPU
		{BA0C10DF-AE29-4062-A8DE-F254C413F955}.Release|Any CPU.ActiveCfg = Release|Any CPU
		{BA0C10DF-AE29-4062-A8DE-F254C413F955}.Release|Any CPU.Build.0 = Release|Any CPU
		{5A9574D3-CC57-46A1-971C-97803F33DAB6}.Debug|Any CPU.ActiveCfg = Debug|Any CPU
		{5A9574D3-CC57-46A1-971C-97803F33DAB6}.Debug|Any CPU.Build.0 = Debug|Any CPU
		{5A9574D3-CC57-46A1-971C-97803F33DAB6}.Release|Any CPU.ActiveCfg = Release|Any CPU
		{5A9574D3-CC57-46A1-971C-97803F33DAB6}.Release|Any CPU.Build.0 = Release|Any CPU
		{99CDAD47-3B90-4AB3-80E0-6547E46837D2}.Debug|Any CPU.ActiveCfg = Debug|Any CPU
		{99CDAD47-3B90-4AB3-80E0-6547E46837D2}.Debug|Any CPU.Build.0 = Debug|Any CPU
		{99CDAD47-3B90-4AB3-80E0-6547E46837D2}.Release|Any CPU.ActiveCfg = Release|Any CPU
		{99CDAD47-3B90-4AB3-80E0-6547E46837D2}.Release|Any CPU.Build.0 = Release|Any CPU
		{1283BDE0-988B-4EE8-BE12-5CD85A234464}.Debug|Any CPU.ActiveCfg = Debug|Any CPU
		{1283BDE0-988B-4EE8-BE12-5CD85A234464}.Debug|Any CPU.Build.0 = Debug|Any CPU
		{1283BDE0-988B-4EE8-BE12-5CD85A234464}.Release|Any CPU.ActiveCfg = Release|Any CPU
		{1283BDE0-988B-4EE8-BE12-5CD85A234464}.Release|Any CPU.Build.0 = Release|Any CPU
		{3DA8438E-AE91-4745-BE1B-A3CF6AFBEDF7}.Debug|Any CPU.ActiveCfg = Debug|Any CPU
		{3DA8438E-AE91-4745-BE1B-A3CF6AFBEDF7}.Debug|Any CPU.Build.0 = Debug|Any CPU
		{3DA8438E-AE91-4745-BE1B-A3CF6AFBEDF7}.Release|Any CPU.ActiveCfg = Release|Any CPU
		{3DA8438E-AE91-4745-BE1B-A3CF6AFBEDF7}.Release|Any CPU.Build.0 = Release|Any CPU
		{305DF91D-980B-4EFD-A593-FAEF4468E844}.Debug|Any CPU.ActiveCfg = Debug|Any CPU
		{305DF91D-980B-4EFD-A593-FAEF4468E844}.Debug|Any CPU.Build.0 = Debug|Any CPU
		{305DF91D-980B-4EFD-A593-FAEF4468E844}.Release|Any CPU.ActiveCfg = Release|Any CPU
		{305DF91D-980B-4EFD-A593-FAEF4468E844}.Release|Any CPU.Build.0 = Release|Any CPU
		{554225C3-6D55-45B2-840C-CD03A48892F5}.Debug|Any CPU.ActiveCfg = Debug|Any CPU
		{554225C3-6D55-45B2-840C-CD03A48892F5}.Debug|Any CPU.Build.0 = Debug|Any CPU
		{554225C3-6D55-45B2-840C-CD03A48892F5}.Release|Any CPU.ActiveCfg = Release|Any CPU
		{554225C3-6D55-45B2-840C-CD03A48892F5}.Release|Any CPU.Build.0 = Release|Any CPU
		{BA81FFBA-B5A6-436D-AF46-D9214D8A7176}.Debug|Any CPU.ActiveCfg = Debug|Any CPU
		{BA81FFBA-B5A6-436D-AF46-D9214D8A7176}.Debug|Any CPU.Build.0 = Debug|Any CPU
		{BA81FFBA-B5A6-436D-AF46-D9214D8A7176}.Release|Any CPU.ActiveCfg = Release|Any CPU
		{BA81FFBA-B5A6-436D-AF46-D9214D8A7176}.Release|Any CPU.Build.0 = Release|Any CPU
		{398B3618-F3C8-407C-A18E-F92ABC5CD404}.Debug|Any CPU.ActiveCfg = Debug|Any CPU
		{398B3618-F3C8-407C-A18E-F92ABC5CD404}.Debug|Any CPU.Build.0 = Debug|Any CPU
		{398B3618-F3C8-407C-A18E-F92ABC5CD404}.Release|Any CPU.ActiveCfg = Release|Any CPU
		{398B3618-F3C8-407C-A18E-F92ABC5CD404}.Release|Any CPU.Build.0 = Release|Any CPU
		{0E445BFC-8031-4EDE-BE65-9C12452BA389}.Debug|Any CPU.ActiveCfg = Debug|Any CPU
		{0E445BFC-8031-4EDE-BE65-9C12452BA389}.Debug|Any CPU.Build.0 = Debug|Any CPU
		{0E445BFC-8031-4EDE-BE65-9C12452BA389}.Release|Any CPU.ActiveCfg = Release|Any CPU
		{0E445BFC-8031-4EDE-BE65-9C12452BA389}.Release|Any CPU.Build.0 = Release|Any CPU
		{833E5ADF-6B0A-4489-8741-F5BD73B130C0}.Debug|Any CPU.ActiveCfg = Debug|Any CPU
		{833E5ADF-6B0A-4489-8741-F5BD73B130C0}.Debug|Any CPU.Build.0 = Debug|Any CPU
		{833E5ADF-6B0A-4489-8741-F5BD73B130C0}.Release|Any CPU.ActiveCfg = Release|Any CPU
		{833E5ADF-6B0A-4489-8741-F5BD73B130C0}.Release|Any CPU.Build.0 = Release|Any CPU
		{E12DF8B1-33C9-4266-9EB4-73EB9BB45C6F}.Debug|Any CPU.ActiveCfg = Debug|Any CPU
		{E12DF8B1-33C9-4266-9EB4-73EB9BB45C6F}.Debug|Any CPU.Build.0 = Debug|Any CPU
		{E12DF8B1-33C9-4266-9EB4-73EB9BB45C6F}.Release|Any CPU.ActiveCfg = Release|Any CPU
		{E12DF8B1-33C9-4266-9EB4-73EB9BB45C6F}.Release|Any CPU.Build.0 = Release|Any CPU
		{69D35C6A-B919-48E1-B013-D7D0DFD6745D}.Debug|Any CPU.ActiveCfg = Debug|Any CPU
		{69D35C6A-B919-48E1-B013-D7D0DFD6745D}.Debug|Any CPU.Build.0 = Debug|Any CPU
		{69D35C6A-B919-48E1-B013-D7D0DFD6745D}.Release|Any CPU.ActiveCfg = Release|Any CPU
		{69D35C6A-B919-48E1-B013-D7D0DFD6745D}.Release|Any CPU.Build.0 = Release|Any CPU
		{0E058940-537B-44AD-92EA-A9231AE88D34}.Debug|Any CPU.ActiveCfg = Debug|Any CPU
		{0E058940-537B-44AD-92EA-A9231AE88D34}.Debug|Any CPU.Build.0 = Debug|Any CPU
		{0E058940-537B-44AD-92EA-A9231AE88D34}.Release|Any CPU.ActiveCfg = Release|Any CPU
		{0E058940-537B-44AD-92EA-A9231AE88D34}.Release|Any CPU.Build.0 = Release|Any CPU
		{CE143DEB-3B87-49F7-B8DE-7FB4FCB62CC1}.Debug|Any CPU.ActiveCfg = Debug|Any CPU
		{CE143DEB-3B87-49F7-B8DE-7FB4FCB62CC1}.Debug|Any CPU.Build.0 = Debug|Any CPU
		{CE143DEB-3B87-49F7-B8DE-7FB4FCB62CC1}.Release|Any CPU.ActiveCfg = Release|Any CPU
		{CE143DEB-3B87-49F7-B8DE-7FB4FCB62CC1}.Release|Any CPU.Build.0 = Release|Any CPU
		{4FE4859A-45D5-472E-8033-3A973CAE28A8}.Debug|Any CPU.ActiveCfg = Debug|Any CPU
		{4FE4859A-45D5-472E-8033-3A973CAE28A8}.Debug|Any CPU.Build.0 = Debug|Any CPU
		{4FE4859A-45D5-472E-8033-3A973CAE28A8}.Release|Any CPU.ActiveCfg = Release|Any CPU
		{4FE4859A-45D5-472E-8033-3A973CAE28A8}.Release|Any CPU.Build.0 = Release|Any CPU
		{B47665E1-CF57-4690-B00F-6AF705AFC702}.Debug|Any CPU.ActiveCfg = Debug|Any CPU
		{B47665E1-CF57-4690-B00F-6AF705AFC702}.Debug|Any CPU.Build.0 = Debug|Any CPU
		{B47665E1-CF57-4690-B00F-6AF705AFC702}.Release|Any CPU.ActiveCfg = Release|Any CPU
		{B47665E1-CF57-4690-B00F-6AF705AFC702}.Release|Any CPU.Build.0 = Release|Any CPU
		{3EF2D353-3DC6-48A0-A1A5-23D7DEADEA0C}.Debug|Any CPU.ActiveCfg = Debug|Any CPU
		{3EF2D353-3DC6-48A0-A1A5-23D7DEADEA0C}.Debug|Any CPU.Build.0 = Debug|Any CPU
		{3EF2D353-3DC6-48A0-A1A5-23D7DEADEA0C}.Release|Any CPU.ActiveCfg = Release|Any CPU
		{3EF2D353-3DC6-48A0-A1A5-23D7DEADEA0C}.Release|Any CPU.Build.0 = Release|Any CPU
		{0602F1F1-A22E-4252-AD4E-16D76007285E}.Debug|Any CPU.ActiveCfg = Debug|Any CPU
		{0602F1F1-A22E-4252-AD4E-16D76007285E}.Debug|Any CPU.Build.0 = Debug|Any CPU
		{0602F1F1-A22E-4252-AD4E-16D76007285E}.Release|Any CPU.ActiveCfg = Release|Any CPU
		{0602F1F1-A22E-4252-AD4E-16D76007285E}.Release|Any CPU.Build.0 = Release|Any CPU
		{6C2C6AC6-C93D-4B25-A8AD-B5B8F4E56E09}.Debug|Any CPU.ActiveCfg = Debug|Any CPU
		{6C2C6AC6-C93D-4B25-A8AD-B5B8F4E56E09}.Debug|Any CPU.Build.0 = Debug|Any CPU
		{6C2C6AC6-C93D-4B25-A8AD-B5B8F4E56E09}.Release|Any CPU.ActiveCfg = Release|Any CPU
		{6C2C6AC6-C93D-4B25-A8AD-B5B8F4E56E09}.Release|Any CPU.Build.0 = Release|Any CPU
		{6317062B-F140-4F83-9B5A-754636D9C096}.Debug|Any CPU.ActiveCfg = Debug|Any CPU
		{6317062B-F140-4F83-9B5A-754636D9C096}.Debug|Any CPU.Build.0 = Debug|Any CPU
		{6317062B-F140-4F83-9B5A-754636D9C096}.Release|Any CPU.ActiveCfg = Release|Any CPU
		{6317062B-F140-4F83-9B5A-754636D9C096}.Release|Any CPU.Build.0 = Release|Any CPU
		{68E92004-5905-4F4D-9F4A-364C816B03B3}.Debug|Any CPU.ActiveCfg = Debug|Any CPU
		{68E92004-5905-4F4D-9F4A-364C816B03B3}.Debug|Any CPU.Build.0 = Debug|Any CPU
		{68E92004-5905-4F4D-9F4A-364C816B03B3}.Release|Any CPU.ActiveCfg = Release|Any CPU
		{68E92004-5905-4F4D-9F4A-364C816B03B3}.Release|Any CPU.Build.0 = Release|Any CPU
		{A9A9121A-DC49-401B-B31C-DF63FACBB2FD}.Debug|Any CPU.ActiveCfg = Debug|Any CPU
		{A9A9121A-DC49-401B-B31C-DF63FACBB2FD}.Debug|Any CPU.Build.0 = Debug|Any CPU
		{A9A9121A-DC49-401B-B31C-DF63FACBB2FD}.Release|Any CPU.ActiveCfg = Release|Any CPU
		{A9A9121A-DC49-401B-B31C-DF63FACBB2FD}.Release|Any CPU.Build.0 = Release|Any CPU
		{6F0FB33C-C8C9-49BC-8EFF-962C52C05D54}.Debug|Any CPU.ActiveCfg = Debug|Any CPU
		{6F0FB33C-C8C9-49BC-8EFF-962C52C05D54}.Debug|Any CPU.Build.0 = Debug|Any CPU
		{6F0FB33C-C8C9-49BC-8EFF-962C52C05D54}.Release|Any CPU.ActiveCfg = Release|Any CPU
		{6F0FB33C-C8C9-49BC-8EFF-962C52C05D54}.Release|Any CPU.Build.0 = Release|Any CPU
		{65D18DE6-483F-4A01-BBFF-4F641A0E4EB5}.Debug|Any CPU.ActiveCfg = Debug|Any CPU
		{65D18DE6-483F-4A01-BBFF-4F641A0E4EB5}.Debug|Any CPU.Build.0 = Debug|Any CPU
		{65D18DE6-483F-4A01-BBFF-4F641A0E4EB5}.Release|Any CPU.ActiveCfg = Release|Any CPU
		{65D18DE6-483F-4A01-BBFF-4F641A0E4EB5}.Release|Any CPU.Build.0 = Release|Any CPU
		{65CCA72E-A9AC-4CEA-9331-F1A927C873ED}.Debug|Any CPU.ActiveCfg = Debug|Any CPU
		{65CCA72E-A9AC-4CEA-9331-F1A927C873ED}.Debug|Any CPU.Build.0 = Debug|Any CPU
		{65CCA72E-A9AC-4CEA-9331-F1A927C873ED}.Release|Any CPU.ActiveCfg = Release|Any CPU
		{65CCA72E-A9AC-4CEA-9331-F1A927C873ED}.Release|Any CPU.Build.0 = Release|Any CPU
		{0B2E503C-A17A-4303-8C56-F46B67BAB01F}.Debug|Any CPU.ActiveCfg = Debug|Any CPU
		{0B2E503C-A17A-4303-8C56-F46B67BAB01F}.Debug|Any CPU.Build.0 = Debug|Any CPU
		{0B2E503C-A17A-4303-8C56-F46B67BAB01F}.Release|Any CPU.ActiveCfg = Release|Any CPU
		{0B2E503C-A17A-4303-8C56-F46B67BAB01F}.Release|Any CPU.Build.0 = Release|Any CPU
		{331FC824-2610-4F54-90A3-535006D775C5}.Debug|Any CPU.ActiveCfg = Debug|Any CPU
		{331FC824-2610-4F54-90A3-535006D775C5}.Debug|Any CPU.Build.0 = Debug|Any CPU
		{331FC824-2610-4F54-90A3-535006D775C5}.Release|Any CPU.ActiveCfg = Release|Any CPU
		{331FC824-2610-4F54-90A3-535006D775C5}.Release|Any CPU.Build.0 = Release|Any CPU
	EndGlobalSection
	GlobalSection(SolutionProperties) = preSolution
		HideSolutionNode = FALSE
	EndGlobalSection
	GlobalSection(NestedProjects) = preSolution
		{874A5EAC-A5B1-4F5E-855F-37568CA84692} = {97DCC10E-6740-4ED3-806E-A15807866DF6}
		{20E4A721-DA57-40A8-A325-BF6108DC8017} = {97DCC10E-6740-4ED3-806E-A15807866DF6}
		{E12A62C7-9E14-4EDF-B8D6-4C6C58931F39} = {97DCC10E-6740-4ED3-806E-A15807866DF6}
		{DCE29259-EE77-4E64-B290-937EF3AA5F82} = {97DCC10E-6740-4ED3-806E-A15807866DF6}
		{35D31C5B-3413-4778-8FB3-16CD1625D5A7} = {8BB676CB-9366-4053-BED6-3DCC4CF243B3}
		{BCC32AB4-D2AE-4DE1-AE43-76B085854C0E} = {8BB676CB-9366-4053-BED6-3DCC4CF243B3}
		{388F8D07-9E0A-4B25-B5E3-45BD240BA08B} = {8BB676CB-9366-4053-BED6-3DCC4CF243B3}
		{6266BB32-E08E-4AD2-BEE4-0754C526527A} = {388F8D07-9E0A-4B25-B5E3-45BD240BA08B}
		{FDBDB0E5-1776-4F52-BBD8-69AD03DC910C} = {388F8D07-9E0A-4B25-B5E3-45BD240BA08B}
		{75F59C54-ED9E-480B-80A2-78ADCBA13A44} = {8BB676CB-9366-4053-BED6-3DCC4CF243B3}
		{1C52172B-9FC0-42D0-B470-B8514BF781B0} = {AE2F91EB-68E6-43C1-8A5B-02504BA9BE60}
		{DEE747D2-B873-4A27-A227-C07C18E79CE9} = {AE2F91EB-68E6-43C1-8A5B-02504BA9BE60}
		{F136AA76-DF32-4EF6-A101-4448FB6E5950} = {AE2F91EB-68E6-43C1-8A5B-02504BA9BE60}
		{CA833F2C-0E7B-4540-B8BE-AC1BB4DC3CCC} = {FAF383E1-F64D-40D0-A6E6-CE0B5B41857A}
		{8F5EE74E-ADC9-4B29-A3FC-BF791EE186AC} = {FAF383E1-F64D-40D0-A6E6-CE0B5B41857A}
		{B4FB0E07-D95A-42C6-A2F8-D76567220BF3} = {FAF383E1-F64D-40D0-A6E6-CE0B5B41857A}
		{DF5A480C-16F9-4AF2-817A-7D4634895A78} = {FAF383E1-F64D-40D0-A6E6-CE0B5B41857A}
		{BA0C10DF-AE29-4062-A8DE-F254C413F955} = {DF5A480C-16F9-4AF2-817A-7D4634895A78}
		{E4A01E00-3F4F-4E97-AB7B-9259F02B7D08} = {B6220F5B-E607-4EEC-A816-E69145EC16BB}
		{5A9574D3-CC57-46A1-971C-97803F33DAB6} = {E4A01E00-3F4F-4E97-AB7B-9259F02B7D08}
		{99CDAD47-3B90-4AB3-80E0-6547E46837D2} = {B6220F5B-E607-4EEC-A816-E69145EC16BB}
		{1283BDE0-988B-4EE8-BE12-5CD85A234464} = {B6220F5B-E607-4EEC-A816-E69145EC16BB}
		{3DA8438E-AE91-4745-BE1B-A3CF6AFBEDF7} = {B6220F5B-E607-4EEC-A816-E69145EC16BB}
		{305DF91D-980B-4EFD-A593-FAEF4468E844} = {E4A01E00-3F4F-4E97-AB7B-9259F02B7D08}
		{554225C3-6D55-45B2-840C-CD03A48892F5} = {DF5A480C-16F9-4AF2-817A-7D4634895A78}
		{BA81FFBA-B5A6-436D-AF46-D9214D8A7176} = {41A4752E-2676-4B5F-80EB-6F6B60B0E712}
		{3E686F0C-DBD1-466F-9B9E-3D4EB9841515} = {AE2F91EB-68E6-43C1-8A5B-02504BA9BE60}
		{398B3618-F3C8-407C-A18E-F92ABC5CD404} = {3E686F0C-DBD1-466F-9B9E-3D4EB9841515}
		{0E445BFC-8031-4EDE-BE65-9C12452BA389} = {3E686F0C-DBD1-466F-9B9E-3D4EB9841515}
		{833E5ADF-6B0A-4489-8741-F5BD73B130C0} = {E4A01E00-3F4F-4E97-AB7B-9259F02B7D08}
		{E12DF8B1-33C9-4266-9EB4-73EB9BB45C6F} = {3E686F0C-DBD1-466F-9B9E-3D4EB9841515}
		{0F79AF64-8260-492D-82C6-125CCD5DA15F} = {97DCC10E-6740-4ED3-806E-A15807866DF6}
		{69D35C6A-B919-48E1-B013-D7D0DFD6745D} = {0F79AF64-8260-492D-82C6-125CCD5DA15F}
		{5AA40983-0AB4-4CDC-B9A6-4D62A976EA90} = {B6220F5B-E607-4EEC-A816-E69145EC16BB}
		{0E058940-537B-44AD-92EA-A9231AE88D34} = {5AA40983-0AB4-4CDC-B9A6-4D62A976EA90}
		{CE143DEB-3B87-49F7-B8DE-7FB4FCB62CC1} = {A8B8D781-D21D-4F58-B443-DB8E4AED6D5D}
		{D7B83813-14F1-4207-9D3C-8DD97C589888} = {A8B8D781-D21D-4F58-B443-DB8E4AED6D5D}
		{4FE4859A-45D5-472E-8033-3A973CAE28A8} = {D7B83813-14F1-4207-9D3C-8DD97C589888}
		{B47665E1-CF57-4690-B00F-6AF705AFC702} = {A8B8D781-D21D-4F58-B443-DB8E4AED6D5D}
		{3EF2D353-3DC6-48A0-A1A5-23D7DEADEA0C} = {A8B8D781-D21D-4F58-B443-DB8E4AED6D5D}
		{0602F1F1-A22E-4252-AD4E-16D76007285E} = {E4A01E00-3F4F-4E97-AB7B-9259F02B7D08}
		{F902A574-FF51-46C5-80CE-494CED9DFF77} = {A8B8D781-D21D-4F58-B443-DB8E4AED6D5D}
		{6C2C6AC6-C93D-4B25-A8AD-B5B8F4E56E09} = {F902A574-FF51-46C5-80CE-494CED9DFF77}
		{6317062B-F140-4F83-9B5A-754636D9C096} = {5AA40983-0AB4-4CDC-B9A6-4D62A976EA90}
		{68E92004-5905-4F4D-9F4A-364C816B03B3} = {5AA40983-0AB4-4CDC-B9A6-4D62A976EA90}
		{D82A4D40-C691-45A3-A512-D1CA840F4444} = {8BB676CB-9366-4053-BED6-3DCC4CF243B3}
		{A9A9121A-DC49-401B-B31C-DF63FACBB2FD} = {D82A4D40-C691-45A3-A512-D1CA840F4444}
		{6F0FB33C-C8C9-49BC-8EFF-962C52C05D54} = {D82A4D40-C691-45A3-A512-D1CA840F4444}
		{65D18DE6-483F-4A01-BBFF-4F641A0E4EB5} = {D82A4D40-C691-45A3-A512-D1CA840F4444}
		{8DE9B4F3-8AF5-437F-9F1C-9FE64A61207A} = {B361F529-D995-44C8-82D2-61F15E7AA22A}
		{8BFE60DB-ADC3-4E4F-B926-D53AB73741B4} = {B361F529-D995-44C8-82D2-61F15E7AA22A}
		{65CCA72E-A9AC-4CEA-9331-F1A927C873ED} = {8BFE60DB-ADC3-4E4F-B926-D53AB73741B4}
		{23828A3E-637D-4849-BEF5-AA9212E019CD} = {B361F529-D995-44C8-82D2-61F15E7AA22A}
		{0B2E503C-A17A-4303-8C56-F46B67BAB01F} = {8DE9B4F3-8AF5-437F-9F1C-9FE64A61207A}
		{331FC824-2610-4F54-90A3-535006D775C5} = {23828A3E-637D-4849-BEF5-AA9212E019CD}
	EndGlobalSection
	GlobalSection(ExtensibilityGlobals) = postSolution
		SolutionGuid = {4A33B4D5-19E6-41B5-B5F8-DD44AD5CB598}
	EndGlobalSection
EndGlobal
